// !$*UTF8*$!
{
	archiveVersion = 1;
	classes = {
	};
	objectVersion = 46;
	objects = {

/* Begin PBXBuildFile section */
		1F348A7C1B5D393B00E3E09E /* GameKit.framework in Frameworks */ = {isa = PBXBuildFile; fileRef = 1F348A7B1B5D393B00E3E09E /* GameKit.framework */; };
		1F40AE381AF9813F00CAEA48 /* AppDelegate.swift in Sources */ = {isa = PBXBuildFile; fileRef = 1F40AE371AF9813F00CAEA48 /* AppDelegate.swift */; };
		1F40AE3A1AF9813F00CAEA48 /* ViewController.swift in Sources */ = {isa = PBXBuildFile; fileRef = 1F40AE391AF9813F00CAEA48 /* ViewController.swift */; };
		1F40AE3F1AF9813F00CAEA48 /* Images.xcassets in Resources */ = {isa = PBXBuildFile; fileRef = 1F40AE3E1AF9813F00CAEA48 /* Images.xcassets */; };
		1F40AE421AF9813F00CAEA48 /* LaunchScreen.xib in Resources */ = {isa = PBXBuildFile; fileRef = 1F40AE401AF9813F00CAEA48 /* LaunchScreen.xib */; };
		1F4C9C8F246957E400F39911 /* MovieQuizTests.swift in Sources */ = {isa = PBXBuildFile; fileRef = 1F4C9C8E246957E400F39911 /* MovieQuizTests.swift */; };
		1F8D1FE51B139E030024B587 /* Timer.swift in Sources */ = {isa = PBXBuildFile; fileRef = 1F8D1FE41B139E030024B587 /* Timer.swift */; };
		1FAB838F1AFD6F7E001C8EB7 /* Functions.swift in Sources */ = {isa = PBXBuildFile; fileRef = 1FAB838E1AFD6F7E001C8EB7 /* Functions.swift */; };
		1FB909C11BD90E6E007EA8BD /* SwiftyJSON.framework in Frameworks */ = {isa = PBXBuildFile; fileRef = 1FB909C01BD90E6E007EA8BD /* SwiftyJSON.framework */; };
		1FE1D3ED1AFA88A4008C2EB8 /* Counter.swift in Sources */ = {isa = PBXBuildFile; fileRef = 1FE1D3EC1AFA88A4008C2EB8 /* Counter.swift */; };
		1FE1D3EF1AFA88F6008C2EB8 /* QuizController.swift in Sources */ = {isa = PBXBuildFile; fileRef = 1FE1D3EE1AFA88F6008C2EB8 /* QuizController.swift */; };
		1FE1D3F41AFA8A7C008C2EB8 /* MovieGrabber.swift in Sources */ = {isa = PBXBuildFile; fileRef = 1FE1D3F31AFA8A7C008C2EB8 /* MovieGrabber.swift */; };
		1FE1D3F71AFA8B65008C2EB8 /* Movie.swift in Sources */ = {isa = PBXBuildFile; fileRef = 1FE1D3F61AFA8B65008C2EB8 /* Movie.swift */; };
		1FE1D3F91AFA9B1F008C2EB8 /* MovieList.swift in Sources */ = {isa = PBXBuildFile; fileRef = 1FE1D3F81AFA9B1F008C2EB8 /* MovieList.swift */; };
		1FE1D3FC1AFAA0A2008C2EB8 /* Main.storyboard in Resources */ = {isa = PBXBuildFile; fileRef = 1FE1D3FA1AFAA0A2008C2EB8 /* Main.storyboard */; };
		1FE1D4361AFAE9C6008C2EB8 /* ResultController.swift in Sources */ = {isa = PBXBuildFile; fileRef = 1FE1D4351AFAE9C6008C2EB8 /* ResultController.swift */; };
		1FE1D4381AFC30F2008C2EB8 /* OverController.swift in Sources */ = {isa = PBXBuildFile; fileRef = 1FE1D4371AFC30F2008C2EB8 /* OverController.swift */; };
		1FF563A91B2A5E05003219B9 /* Podfile in Resources */ = {isa = PBXBuildFile; fileRef = 1FF563A81B2A5E05003219B9 /* Podfile */; };
		FAADAA12661334C635686F5B /* Pods_MovieQuiz.framework in Frameworks */ = {isa = PBXBuildFile; fileRef = 43490A2233FD0239A53DA093 /* Pods_MovieQuiz.framework */; };
/* End PBXBuildFile section */

/* Begin PBXContainerItemProxy section */
		1F4C9C91246957E400F39911 /* PBXContainerItemProxy */ = {
			isa = PBXContainerItemProxy;
			containerPortal = 1F40AE2A1AF9813F00CAEA48 /* Project object */;
			proxyType = 1;
			remoteGlobalIDString = 1F40AE311AF9813F00CAEA48;
			remoteInfo = MovieQuiz;
		};
/* End PBXContainerItemProxy section */

/* Begin PBXFileReference section */
		1F348A7B1B5D393B00E3E09E /* GameKit.framework */ = {isa = PBXFileReference; lastKnownFileType = wrapper.framework; name = GameKit.framework; path = System/Library/Frameworks/GameKit.framework; sourceTree = SDKROOT; };
		1F40AE321AF9813F00CAEA48 /* MovieQuiz.app */ = {isa = PBXFileReference; explicitFileType = wrapper.application; includeInIndex = 0; path = MovieQuiz.app; sourceTree = BUILT_PRODUCTS_DIR; };
		1F40AE361AF9813F00CAEA48 /* Info.plist */ = {isa = PBXFileReference; lastKnownFileType = text.plist.xml; path = Info.plist; sourceTree = "<group>"; };
		1F40AE371AF9813F00CAEA48 /* AppDelegate.swift */ = {isa = PBXFileReference; lastKnownFileType = sourcecode.swift; path = AppDelegate.swift; sourceTree = "<group>"; };
		1F40AE391AF9813F00CAEA48 /* ViewController.swift */ = {isa = PBXFileReference; lastKnownFileType = sourcecode.swift; path = ViewController.swift; sourceTree = "<group>"; };
		1F40AE3E1AF9813F00CAEA48 /* Images.xcassets */ = {isa = PBXFileReference; lastKnownFileType = folder.assetcatalog; path = Images.xcassets; sourceTree = "<group>"; };
		1F40AE411AF9813F00CAEA48 /* Base */ = {isa = PBXFileReference; lastKnownFileType = file.xib; name = Base; path = Base.lproj/LaunchScreen.xib; sourceTree = "<group>"; };
		1F4C9C8C246957E400F39911 /* MovieQuizTests.xctest */ = {isa = PBXFileReference; explicitFileType = wrapper.cfbundle; includeInIndex = 0; path = MovieQuizTests.xctest; sourceTree = BUILT_PRODUCTS_DIR; };
		1F4C9C8E246957E400F39911 /* MovieQuizTests.swift */ = {isa = PBXFileReference; lastKnownFileType = sourcecode.swift; path = MovieQuizTests.swift; sourceTree = "<group>"; };
		1F4C9C90246957E400F39911 /* Info.plist */ = {isa = PBXFileReference; lastKnownFileType = text.plist.xml; path = Info.plist; sourceTree = "<group>"; };
		1F8D1FE41B139E030024B587 /* Timer.swift */ = {isa = PBXFileReference; fileEncoding = 4; lastKnownFileType = sourcecode.swift; path = Timer.swift; sourceTree = "<group>"; };
		1FAB838E1AFD6F7E001C8EB7 /* Functions.swift */ = {isa = PBXFileReference; fileEncoding = 4; lastKnownFileType = sourcecode.swift; path = Functions.swift; sourceTree = "<group>"; };
		1FB909C01BD90E6E007EA8BD /* SwiftyJSON.framework */ = {isa = PBXFileReference; lastKnownFileType = wrapper.framework; name = SwiftyJSON.framework; path = "Pods/../build/Debug-iphoneos/SwiftyJSON.framework"; sourceTree = "<group>"; };
		1FE1D3EC1AFA88A4008C2EB8 /* Counter.swift */ = {isa = PBXFileReference; fileEncoding = 4; lastKnownFileType = sourcecode.swift; path = Counter.swift; sourceTree = "<group>"; };
		1FE1D3EE1AFA88F6008C2EB8 /* QuizController.swift */ = {isa = PBXFileReference; fileEncoding = 4; lastKnownFileType = sourcecode.swift; path = QuizController.swift; sourceTree = "<group>"; };
		1FE1D3F31AFA8A7C008C2EB8 /* MovieGrabber.swift */ = {isa = PBXFileReference; fileEncoding = 4; lastKnownFileType = sourcecode.swift; path = MovieGrabber.swift; sourceTree = "<group>"; };
		1FE1D3F61AFA8B65008C2EB8 /* Movie.swift */ = {isa = PBXFileReference; fileEncoding = 4; lastKnownFileType = sourcecode.swift; path = Movie.swift; sourceTree = "<group>"; };
		1FE1D3F81AFA9B1F008C2EB8 /* MovieList.swift */ = {isa = PBXFileReference; fileEncoding = 4; lastKnownFileType = sourcecode.swift; path = MovieList.swift; sourceTree = "<group>"; };
		1FE1D3FB1AFAA0A2008C2EB8 /* Base */ = {isa = PBXFileReference; lastKnownFileType = file.storyboard; name = Base; path = Base.lproj/Main.storyboard; sourceTree = "<group>"; };
		1FE1D4331AFACF6D008C2EB8 /* SwiftyJSON.framework */ = {isa = PBXFileReference; lastKnownFileType = wrapper.framework; name = SwiftyJSON.framework; path = "Pods/../build/Debug-iphoneos/Pods-MovieQuiz/SwiftyJSON.framework"; sourceTree = "<group>"; };
		1FE1D4351AFAE9C6008C2EB8 /* ResultController.swift */ = {isa = PBXFileReference; fileEncoding = 4; lastKnownFileType = sourcecode.swift; path = ResultController.swift; sourceTree = "<group>"; };
		1FE1D4371AFC30F2008C2EB8 /* OverController.swift */ = {isa = PBXFileReference; fileEncoding = 4; lastKnownFileType = sourcecode.swift; path = OverController.swift; sourceTree = "<group>"; };
		1FF563A81B2A5E05003219B9 /* Podfile */ = {isa = PBXFileReference; fileEncoding = 4; lastKnownFileType = text; path = Podfile; sourceTree = "<group>"; };
		43490A2233FD0239A53DA093 /* Pods_MovieQuiz.framework */ = {isa = PBXFileReference; explicitFileType = wrapper.framework; includeInIndex = 0; path = Pods_MovieQuiz.framework; sourceTree = BUILT_PRODUCTS_DIR; };
		CEE3EE9B982721B37F8202EC /* Pods-MovieQuiz.debug.xcconfig */ = {isa = PBXFileReference; includeInIndex = 1; lastKnownFileType = text.xcconfig; name = "Pods-MovieQuiz.debug.xcconfig"; path = "Target Support Files/Pods-MovieQuiz/Pods-MovieQuiz.debug.xcconfig"; sourceTree = "<group>"; };
		D13562DE5828337E0B706E7B /* Pods-MovieQuiz.release.xcconfig */ = {isa = PBXFileReference; includeInIndex = 1; lastKnownFileType = text.xcconfig; name = "Pods-MovieQuiz.release.xcconfig"; path = "Target Support Files/Pods-MovieQuiz/Pods-MovieQuiz.release.xcconfig"; sourceTree = "<group>"; };
/* End PBXFileReference section */

/* Begin PBXFrameworksBuildPhase section */
		1F40AE2F1AF9813F00CAEA48 /* Frameworks */ = {
			isa = PBXFrameworksBuildPhase;
			buildActionMask = 2147483647;
			files = (
				1FB909C11BD90E6E007EA8BD /* SwiftyJSON.framework in Frameworks */,
				1F348A7C1B5D393B00E3E09E /* GameKit.framework in Frameworks */,
				FAADAA12661334C635686F5B /* Pods_MovieQuiz.framework in Frameworks */,
			);
			runOnlyForDeploymentPostprocessing = 0;
		};
		1F4C9C89246957E400F39911 /* Frameworks */ = {
			isa = PBXFrameworksBuildPhase;
			buildActionMask = 2147483647;
			files = (
			);
			runOnlyForDeploymentPostprocessing = 0;
		};
/* End PBXFrameworksBuildPhase section */

/* Begin PBXGroup section */
		1F40AE291AF9813F00CAEA48 = {
			isa = PBXGroup;
			children = (
				1F40AE341AF9813F00CAEA48 /* MovieQuiz */,
				1F4C9C8D246957E400F39911 /* MovieQuizTests */,
				1F40AE331AF9813F00CAEA48 /* Products */,
				FB8F83456B8DBC15E04EFAD8 /* Frameworks */,
				443A55824723A5B53727FFCA /* Pods */,
			);
			sourceTree = "<group>";
		};
		1F40AE331AF9813F00CAEA48 /* Products */ = {
			isa = PBXGroup;
			children = (
				1F40AE321AF9813F00CAEA48 /* MovieQuiz.app */,
				1F4C9C8C246957E400F39911 /* MovieQuizTests.xctest */,
			);
			name = Products;
			sourceTree = "<group>";
		};
		1F40AE341AF9813F00CAEA48 /* MovieQuiz */ = {
			isa = PBXGroup;
			children = (
				1F40AE371AF9813F00CAEA48 /* AppDelegate.swift */,
				1FE1D3F51AFA8B4F008C2EB8 /* Model */,
				1FE1D3F21AFA8A0E008C2EB8 /* View */,
				1FE1D3F11AFA89F2008C2EB8 /* Controller */,
				1FE1D3F01AFA89D5008C2EB8 /* lib */,
				1F40AE3E1AF9813F00CAEA48 /* Images.xcassets */,
				1F40AE351AF9813F00CAEA48 /* Supporting Files */,
			);
			path = MovieQuiz;
			sourceTree = "<group>";
		};
		1F40AE351AF9813F00CAEA48 /* Supporting Files */ = {
			isa = PBXGroup;
			children = (
				1FF563A81B2A5E05003219B9 /* Podfile */,
				1F40AE361AF9813F00CAEA48 /* Info.plist */,
			);
			name = "Supporting Files";
			sourceTree = "<group>";
		};
		1F4C9C8D246957E400F39911 /* MovieQuizTests */ = {
			isa = PBXGroup;
			children = (
				1F4C9C8E246957E400F39911 /* MovieQuizTests.swift */,
				1F4C9C90246957E400F39911 /* Info.plist */,
			);
			path = MovieQuizTests;
			sourceTree = "<group>";
		};
		1FE1D3F01AFA89D5008C2EB8 /* lib */ = {
			isa = PBXGroup;
			children = (
				1FE1D3EC1AFA88A4008C2EB8 /* Counter.swift */,
				1FE1D3F31AFA8A7C008C2EB8 /* MovieGrabber.swift */,
				1FAB838E1AFD6F7E001C8EB7 /* Functions.swift */,
				1F8D1FE41B139E030024B587 /* Timer.swift */,
			);
			name = lib;
			sourceTree = "<group>";
		};
		1FE1D3F11AFA89F2008C2EB8 /* Controller */ = {
			isa = PBXGroup;
			children = (
				1F40AE391AF9813F00CAEA48 /* ViewController.swift */,
				1FE1D3EE1AFA88F6008C2EB8 /* QuizController.swift */,
				1FE1D4351AFAE9C6008C2EB8 /* ResultController.swift */,
				1FE1D4371AFC30F2008C2EB8 /* OverController.swift */,
			);
			name = Controller;
			sourceTree = "<group>";
		};
		1FE1D3F21AFA8A0E008C2EB8 /* View */ = {
			isa = PBXGroup;
			children = (
				1F40AE401AF9813F00CAEA48 /* LaunchScreen.xib */,
				1FE1D3FA1AFAA0A2008C2EB8 /* Main.storyboard */,
			);
			name = View;
			sourceTree = "<group>";
		};
		1FE1D3F51AFA8B4F008C2EB8 /* Model */ = {
			isa = PBXGroup;
			children = (
				1FE1D3F61AFA8B65008C2EB8 /* Movie.swift */,
				1FE1D3F81AFA9B1F008C2EB8 /* MovieList.swift */,
			);
			name = Model;
			sourceTree = "<group>";
		};
		443A55824723A5B53727FFCA /* Pods */ = {
			isa = PBXGroup;
			children = (
				CEE3EE9B982721B37F8202EC /* Pods-MovieQuiz.debug.xcconfig */,
				D13562DE5828337E0B706E7B /* Pods-MovieQuiz.release.xcconfig */,
			);
			path = Pods;
			sourceTree = "<group>";
		};
		FB8F83456B8DBC15E04EFAD8 /* Frameworks */ = {
			isa = PBXGroup;
			children = (
				1FB909C01BD90E6E007EA8BD /* SwiftyJSON.framework */,
				1F348A7B1B5D393B00E3E09E /* GameKit.framework */,
				1FE1D4331AFACF6D008C2EB8 /* SwiftyJSON.framework */,
				43490A2233FD0239A53DA093 /* Pods_MovieQuiz.framework */,
			);
			name = Frameworks;
			sourceTree = "<group>";
		};
/* End PBXGroup section */

/* Begin PBXNativeTarget section */
		1F40AE311AF9813F00CAEA48 /* MovieQuiz */ = {
			isa = PBXNativeTarget;
			buildConfigurationList = 1F40AE511AF9813F00CAEA48 /* Build configuration list for PBXNativeTarget "MovieQuiz" */;
			buildPhases = (
				309CA35DB9197CB670BF5086 /* [CP] Check Pods Manifest.lock */,
				1F40AE2E1AF9813F00CAEA48 /* Sources */,
				1F40AE2F1AF9813F00CAEA48 /* Frameworks */,
				1F40AE301AF9813F00CAEA48 /* Resources */,
				3199A61F5446C097B341C993 /* [CP] Embed Pods Frameworks */,
			);
			buildRules = (
			);
			dependencies = (
			);
			name = MovieQuiz;
			productName = MovieQuiz;
			productReference = 1F40AE321AF9813F00CAEA48 /* MovieQuiz.app */;
			productType = "com.apple.product-type.application";
		};
		1F4C9C8B246957E400F39911 /* MovieQuizTests */ = {
			isa = PBXNativeTarget;
			buildConfigurationList = 1F4C9C93246957E400F39911 /* Build configuration list for PBXNativeTarget "MovieQuizTests" */;
			buildPhases = (
				1F4C9C88246957E400F39911 /* Sources */,
				1F4C9C89246957E400F39911 /* Frameworks */,
				1F4C9C8A246957E400F39911 /* Resources */,
			);
			buildRules = (
			);
			dependencies = (
				1F4C9C92246957E400F39911 /* PBXTargetDependency */,
			);
			name = MovieQuizTests;
			productName = MovieQuizTests;
			productReference = 1F4C9C8C246957E400F39911 /* MovieQuizTests.xctest */;
			productType = "com.apple.product-type.bundle.unit-test";
		};
/* End PBXNativeTarget section */

/* Begin PBXProject section */
		1F40AE2A1AF9813F00CAEA48 /* Project object */ = {
			isa = PBXProject;
			attributes = {
				LastSwiftMigration = 0710;
				LastSwiftUpdateCheck = 1140;
				LastUpgradeCheck = 1140;
				ORGANIZATIONNAME = renangreca;
				TargetAttributes = {
					1F40AE311AF9813F00CAEA48 = {
						CreatedOnToolsVersion = 6.3.1;
						DevelopmentTeam = 6E3MXG6BSH;
						SystemCapabilities = {
							com.apple.GameCenter = {
								enabled = 1;
							};
						};
					};
					1F4C9C8B246957E400F39911 = {
						CreatedOnToolsVersion = 11.4.1;
						DevelopmentTeam = 6E3MXG6BSH;
						ProvisioningStyle = Automatic;
						TestTargetID = 1F40AE311AF9813F00CAEA48;
					};
				};
			};
			buildConfigurationList = 1F40AE2D1AF9813F00CAEA48 /* Build configuration list for PBXProject "MovieQuiz" */;
			compatibilityVersion = "Xcode 3.2";
			developmentRegion = English;
			hasScannedForEncodings = 0;
			knownRegions = (
				English,
				en,
				Base,
			);
			mainGroup = 1F40AE291AF9813F00CAEA48;
			productRefGroup = 1F40AE331AF9813F00CAEA48 /* Products */;
			projectDirPath = "";
			projectRoot = "";
			targets = (
				1F40AE311AF9813F00CAEA48 /* MovieQuiz */,
				1F4C9C8B246957E400F39911 /* MovieQuizTests */,
			);
		};
/* End PBXProject section */

/* Begin PBXResourcesBuildPhase section */
		1F40AE301AF9813F00CAEA48 /* Resources */ = {
			isa = PBXResourcesBuildPhase;
			buildActionMask = 2147483647;
			files = (
				1FE1D3FC1AFAA0A2008C2EB8 /* Main.storyboard in Resources */,
				1F40AE421AF9813F00CAEA48 /* LaunchScreen.xib in Resources */,
				1FF563A91B2A5E05003219B9 /* Podfile in Resources */,
				1F40AE3F1AF9813F00CAEA48 /* Images.xcassets in Resources */,
			);
			runOnlyForDeploymentPostprocessing = 0;
		};
		1F4C9C8A246957E400F39911 /* Resources */ = {
			isa = PBXResourcesBuildPhase;
			buildActionMask = 2147483647;
			files = (
			);
			runOnlyForDeploymentPostprocessing = 0;
		};
/* End PBXResourcesBuildPhase section */

/* Begin PBXShellScriptBuildPhase section */
		309CA35DB9197CB670BF5086 /* [CP] Check Pods Manifest.lock */ = {
			isa = PBXShellScriptBuildPhase;
			buildActionMask = 2147483647;
			files = (
			);
			inputFileListPaths = (
			);
			inputPaths = (
				"${PODS_PODFILE_DIR_PATH}/Podfile.lock",
				"${PODS_ROOT}/Manifest.lock",
			);
			name = "[CP] Check Pods Manifest.lock";
			outputFileListPaths = (
			);
			outputPaths = (
				"$(DERIVED_FILE_DIR)/Pods-MovieQuiz-checkManifestLockResult.txt",
			);
			runOnlyForDeploymentPostprocessing = 0;
			shellPath = /bin/sh;
			shellScript = "diff \"${PODS_PODFILE_DIR_PATH}/Podfile.lock\" \"${PODS_ROOT}/Manifest.lock\" > /dev/null\nif [ $? != 0 ] ; then\n    # print error to STDERR\n    echo \"error: The sandbox is not in sync with the Podfile.lock. Run 'pod install' or update your CocoaPods installation.\" >&2\n    exit 1\nfi\n# This output is used by Xcode 'outputs' to avoid re-running this script phase.\necho \"SUCCESS\" > \"${SCRIPT_OUTPUT_FILE_0}\"\n";
			showEnvVarsInLog = 0;
		};
		3199A61F5446C097B341C993 /* [CP] Embed Pods Frameworks */ = {
			isa = PBXShellScriptBuildPhase;
			buildActionMask = 2147483647;
			files = (
			);
			inputPaths = (
				"${PODS_ROOT}/Target Support Files/Pods-MovieQuiz/Pods-MovieQuiz-frameworks.sh",
				"${BUILT_PRODUCTS_DIR}/SwiftHTTP/SwiftHTTP.framework",
				"${BUILT_PRODUCTS_DIR}/SwiftyJSON/SwiftyJSON.framework",
			);
			name = "[CP] Embed Pods Frameworks";
			outputPaths = (
				"${TARGET_BUILD_DIR}/${FRAMEWORKS_FOLDER_PATH}/SwiftHTTP.framework",
				"${TARGET_BUILD_DIR}/${FRAMEWORKS_FOLDER_PATH}/SwiftyJSON.framework",
			);
			runOnlyForDeploymentPostprocessing = 0;
			shellPath = /bin/sh;
			shellScript = "\"${PODS_ROOT}/Target Support Files/Pods-MovieQuiz/Pods-MovieQuiz-frameworks.sh\"\n";
			showEnvVarsInLog = 0;
		};
/* End PBXShellScriptBuildPhase section */

/* Begin PBXSourcesBuildPhase section */
		1F40AE2E1AF9813F00CAEA48 /* Sources */ = {
			isa = PBXSourcesBuildPhase;
			buildActionMask = 2147483647;
			files = (
				1FE1D3EF1AFA88F6008C2EB8 /* QuizController.swift in Sources */,
				1F40AE3A1AF9813F00CAEA48 /* ViewController.swift in Sources */,
				1FE1D3F71AFA8B65008C2EB8 /* Movie.swift in Sources */,
				1FAB838F1AFD6F7E001C8EB7 /* Functions.swift in Sources */,
				1FE1D3F41AFA8A7C008C2EB8 /* MovieGrabber.swift in Sources */,
				1FE1D4361AFAE9C6008C2EB8 /* ResultController.swift in Sources */,
				1FE1D4381AFC30F2008C2EB8 /* OverController.swift in Sources */,
				1F40AE381AF9813F00CAEA48 /* AppDelegate.swift in Sources */,
				1FE1D3ED1AFA88A4008C2EB8 /* Counter.swift in Sources */,
				1F8D1FE51B139E030024B587 /* Timer.swift in Sources */,
				1FE1D3F91AFA9B1F008C2EB8 /* MovieList.swift in Sources */,
			);
			runOnlyForDeploymentPostprocessing = 0;
		};
		1F4C9C88246957E400F39911 /* Sources */ = {
			isa = PBXSourcesBuildPhase;
			buildActionMask = 2147483647;
			files = (
				1F4C9C8F246957E400F39911 /* MovieQuizTests.swift in Sources */,
			);
			runOnlyForDeploymentPostprocessing = 0;
		};
/* End PBXSourcesBuildPhase section */

/* Begin PBXTargetDependency section */
		1F4C9C92246957E400F39911 /* PBXTargetDependency */ = {
			isa = PBXTargetDependency;
			target = 1F40AE311AF9813F00CAEA48 /* MovieQuiz */;
			targetProxy = 1F4C9C91246957E400F39911 /* PBXContainerItemProxy */;
		};
/* End PBXTargetDependency section */

/* Begin PBXVariantGroup section */
		1F40AE401AF9813F00CAEA48 /* LaunchScreen.xib */ = {
			isa = PBXVariantGroup;
			children = (
				1F40AE411AF9813F00CAEA48 /* Base */,
			);
			name = LaunchScreen.xib;
			sourceTree = "<group>";
		};
		1FE1D3FA1AFAA0A2008C2EB8 /* Main.storyboard */ = {
			isa = PBXVariantGroup;
			children = (
				1FE1D3FB1AFAA0A2008C2EB8 /* Base */,
			);
			name = Main.storyboard;
			sourceTree = "<group>";
		};
/* End PBXVariantGroup section */

/* Begin XCBuildConfiguration section */
		1F40AE4F1AF9813F00CAEA48 /* Debug */ = {
			isa = XCBuildConfiguration;
			buildSettings = {
				ALWAYS_SEARCH_USER_PATHS = NO;
				CLANG_ANALYZER_LOCALIZABILITY_NONLOCALIZED = YES;
				CLANG_CXX_LANGUAGE_STANDARD = "gnu++0x";
				CLANG_CXX_LIBRARY = "libc++";
				CLANG_ENABLE_MODULES = YES;
				CLANG_ENABLE_OBJC_ARC = YES;
				CLANG_WARN_BLOCK_CAPTURE_AUTORELEASING = YES;
				CLANG_WARN_BOOL_CONVERSION = YES;
				CLANG_WARN_COMMA = YES;
				CLANG_WARN_CONSTANT_CONVERSION = YES;
				CLANG_WARN_DEPRECATED_OBJC_IMPLEMENTATIONS = YES;
				CLANG_WARN_DIRECT_OBJC_ISA_USAGE = YES_ERROR;
				CLANG_WARN_EMPTY_BODY = YES;
				CLANG_WARN_ENUM_CONVERSION = YES;
				CLANG_WARN_INFINITE_RECURSION = YES;
				CLANG_WARN_INT_CONVERSION = YES;
				CLANG_WARN_NON_LITERAL_NULL_CONVERSION = YES;
				CLANG_WARN_OBJC_IMPLICIT_RETAIN_SELF = YES;
				CLANG_WARN_OBJC_LITERAL_CONVERSION = YES;
				CLANG_WARN_OBJC_ROOT_CLASS = YES_ERROR;
				CLANG_WARN_RANGE_LOOP_ANALYSIS = YES;
				CLANG_WARN_STRICT_PROTOTYPES = YES;
				CLANG_WARN_SUSPICIOUS_MOVE = YES;
				CLANG_WARN_UNREACHABLE_CODE = YES;
				CLANG_WARN__DUPLICATE_METHOD_MATCH = YES;
				"CODE_SIGN_IDENTITY[sdk=iphoneos*]" = "iPhone Developer";
				COPY_PHASE_STRIP = NO;
				DEBUG_INFORMATION_FORMAT = "dwarf-with-dsym";
				ENABLE_STRICT_OBJC_MSGSEND = YES;
				ENABLE_TESTABILITY = YES;
				GCC_C_LANGUAGE_STANDARD = gnu99;
				GCC_DYNAMIC_NO_PIC = NO;
				GCC_NO_COMMON_BLOCKS = YES;
				GCC_OPTIMIZATION_LEVEL = 0;
				GCC_PREPROCESSOR_DEFINITIONS = (
					"DEBUG=1",
					"$(inherited)",
				);
				GCC_SYMBOLS_PRIVATE_EXTERN = NO;
				GCC_WARN_64_TO_32_BIT_CONVERSION = YES;
				GCC_WARN_ABOUT_RETURN_TYPE = YES_ERROR;
				GCC_WARN_UNDECLARED_SELECTOR = YES;
				GCC_WARN_UNINITIALIZED_AUTOS = YES_AGGRESSIVE;
				GCC_WARN_UNUSED_FUNCTION = YES;
				GCC_WARN_UNUSED_VARIABLE = YES;
				IPHONEOS_DEPLOYMENT_TARGET = 8.3;
				MTL_ENABLE_DEBUG_INFO = YES;
				ONLY_ACTIVE_ARCH = YES;
				SDKROOT = iphoneos;
				SWIFT_OPTIMIZATION_LEVEL = "-Onone";
				SWIFT_VERSION = 5.0;
				TARGETED_DEVICE_FAMILY = "1,2";
			};
			name = Debug;
		};
		1F40AE501AF9813F00CAEA48 /* Release */ = {
			isa = XCBuildConfiguration;
			buildSettings = {
				ALWAYS_SEARCH_USER_PATHS = NO;
				CLANG_ANALYZER_LOCALIZABILITY_NONLOCALIZED = YES;
				CLANG_CXX_LANGUAGE_STANDARD = "gnu++0x";
				CLANG_CXX_LIBRARY = "libc++";
				CLANG_ENABLE_MODULES = YES;
				CLANG_ENABLE_OBJC_ARC = YES;
				CLANG_WARN_BLOCK_CAPTURE_AUTORELEASING = YES;
				CLANG_WARN_BOOL_CONVERSION = YES;
				CLANG_WARN_COMMA = YES;
				CLANG_WARN_CONSTANT_CONVERSION = YES;
				CLANG_WARN_DEPRECATED_OBJC_IMPLEMENTATIONS = YES;
				CLANG_WARN_DIRECT_OBJC_ISA_USAGE = YES_ERROR;
				CLANG_WARN_EMPTY_BODY = YES;
				CLANG_WARN_ENUM_CONVERSION = YES;
				CLANG_WARN_INFINITE_RECURSION = YES;
				CLANG_WARN_INT_CONVERSION = YES;
				CLANG_WARN_NON_LITERAL_NULL_CONVERSION = YES;
				CLANG_WARN_OBJC_IMPLICIT_RETAIN_SELF = YES;
				CLANG_WARN_OBJC_LITERAL_CONVERSION = YES;
				CLANG_WARN_OBJC_ROOT_CLASS = YES_ERROR;
				CLANG_WARN_RANGE_LOOP_ANALYSIS = YES;
				CLANG_WARN_STRICT_PROTOTYPES = YES;
				CLANG_WARN_SUSPICIOUS_MOVE = YES;
				CLANG_WARN_UNREACHABLE_CODE = YES;
				CLANG_WARN__DUPLICATE_METHOD_MATCH = YES;
				"CODE_SIGN_IDENTITY[sdk=iphoneos*]" = "iPhone Developer";
				COPY_PHASE_STRIP = NO;
				DEBUG_INFORMATION_FORMAT = "dwarf-with-dsym";
				ENABLE_NS_ASSERTIONS = NO;
				ENABLE_STRICT_OBJC_MSGSEND = YES;
				GCC_C_LANGUAGE_STANDARD = gnu99;
				GCC_NO_COMMON_BLOCKS = YES;
				GCC_WARN_64_TO_32_BIT_CONVERSION = YES;
				GCC_WARN_ABOUT_RETURN_TYPE = YES_ERROR;
				GCC_WARN_UNDECLARED_SELECTOR = YES;
				GCC_WARN_UNINITIALIZED_AUTOS = YES_AGGRESSIVE;
				GCC_WARN_UNUSED_FUNCTION = YES;
				GCC_WARN_UNUSED_VARIABLE = YES;
				IPHONEOS_DEPLOYMENT_TARGET = 8.3;
				MTL_ENABLE_DEBUG_INFO = NO;
				SDKROOT = iphoneos;
				SWIFT_COMPILATION_MODE = wholemodule;
				SWIFT_VERSION = 5.0;
				TARGETED_DEVICE_FAMILY = "1,2";
				VALIDATE_PRODUCT = YES;
			};
			name = Release;
		};
		1F40AE521AF9813F00CAEA48 /* Debug */ = {
			isa = XCBuildConfiguration;
			baseConfigurationReference = CEE3EE9B982721B37F8202EC /* Pods-MovieQuiz.debug.xcconfig */;
			buildSettings = {
				ASSETCATALOG_COMPILER_APPICON_NAME = AppIcon;
				CODE_SIGN_IDENTITY = "iPhone Developer";
				"CODE_SIGN_IDENTITY[sdk=iphoneos*]" = "iPhone Developer";
				ENABLE_BITCODE = NO;
				FRAMEWORK_SEARCH_PATHS = (
					"$(inherited)",
					"$(PROJECT_DIR)/build/Debug-iphoneos/Pods-MovieQuiz",
					"$(PROJECT_DIR)/build/Debug-iphoneos",
				);
				INFOPLIST_FILE = MovieQuiz/Info.plist;
				IPHONEOS_DEPLOYMENT_TARGET = 8.0;
				LD_RUNPATH_SEARCH_PATHS = "$(inherited) @executable_path/Frameworks";
				PRODUCT_BUNDLE_IDENTIFIER = "br.com.renangreca.$(PRODUCT_NAME:rfc1034identifier)";
				PRODUCT_NAME = "$(TARGET_NAME)";
				PROVISIONING_PROFILE = "";
				SWIFT_VERSION = 5.0;
			};
			name = Debug;
		};
		1F40AE531AF9813F00CAEA48 /* Release */ = {
			isa = XCBuildConfiguration;
			baseConfigurationReference = D13562DE5828337E0B706E7B /* Pods-MovieQuiz.release.xcconfig */;
			buildSettings = {
				ASSETCATALOG_COMPILER_APPICON_NAME = AppIcon;
				CODE_SIGN_IDENTITY = "iPhone Developer";
				"CODE_SIGN_IDENTITY[sdk=iphoneos*]" = "iPhone Developer";
				ENABLE_BITCODE = NO;
				FRAMEWORK_SEARCH_PATHS = (
					"$(inherited)",
					"$(PROJECT_DIR)/build/Debug-iphoneos/Pods-MovieQuiz",
					"$(PROJECT_DIR)/build/Debug-iphoneos",
				);
				INFOPLIST_FILE = MovieQuiz/Info.plist;
				IPHONEOS_DEPLOYMENT_TARGET = 8.0;
				LD_RUNPATH_SEARCH_PATHS = "$(inherited) @executable_path/Frameworks";
				PODS_ROOT = "${SRCROOT}/Pods";
				PRODUCT_BUNDLE_IDENTIFIER = "br.com.renangreca.$(PRODUCT_NAME:rfc1034identifier)";
				PRODUCT_NAME = "$(TARGET_NAME)";
				PROVISIONING_PROFILE = "";
				SWIFT_VERSION = 5.0;
			};
			name = Release;
		};
		1F4C9C94246957E400F39911 /* Debug */ = {
			isa = XCBuildConfiguration;
			buildSettings = {
				BUNDLE_LOADER = "$(TEST_HOST)";
				CLANG_ANALYZER_NONNULL = YES;
				CLANG_ANALYZER_NUMBER_OBJECT_CONVERSION = YES_AGGRESSIVE;
				CLANG_CXX_LANGUAGE_STANDARD = "gnu++14";
				CLANG_ENABLE_OBJC_WEAK = YES;
				CLANG_WARN_DOCUMENTATION_COMMENTS = YES;
				CLANG_WARN_UNGUARDED_AVAILABILITY = YES_AGGRESSIVE;
				CODE_SIGN_STYLE = Automatic;
				DEBUG_INFORMATION_FORMAT = dwarf;
				DEVELOPMENT_TEAM = 6E3MXG6BSH;
				GCC_C_LANGUAGE_STANDARD = gnu11;
				INFOPLIST_FILE = MovieQuizTests/Info.plist;
				IPHONEOS_DEPLOYMENT_TARGET = 13.4;
				LD_RUNPATH_SEARCH_PATHS = "$(inherited) @executable_path/Frameworks @loader_path/Frameworks";
				MTL_ENABLE_DEBUG_INFO = INCLUDE_SOURCE;
				MTL_FAST_MATH = YES;
				PRODUCT_BUNDLE_IDENTIFIER = br.com.renangreca.MovieQuizTests;
				PRODUCT_NAME = "$(TARGET_NAME)";
				SWIFT_ACTIVE_COMPILATION_CONDITIONS = DEBUG;
				SWIFT_VERSION = 5.0;
				TARGETED_DEVICE_FAMILY = "1,2";
				TEST_HOST = "$(BUILT_PRODUCTS_DIR)/MovieQuiz.app/MovieQuiz";
			};
			name = Debug;
		};
		1F4C9C95246957E400F39911 /* Release */ = {
			isa = XCBuildConfiguration;
			buildSettings = {
				BUNDLE_LOADER = "$(TEST_HOST)";
				CLANG_ANALYZER_NONNULL = YES;
				CLANG_ANALYZER_NUMBER_OBJECT_CONVERSION = YES_AGGRESSIVE;
				CLANG_CXX_LANGUAGE_STANDARD = "gnu++14";
				CLANG_ENABLE_OBJC_WEAK = YES;
				CLANG_WARN_DOCUMENTATION_COMMENTS = YES;
				CLANG_WARN_UNGUARDED_AVAILABILITY = YES_AGGRESSIVE;
				CODE_SIGN_STYLE = Automatic;
				DEVELOPMENT_TEAM = 6E3MXG6BSH;
				GCC_C_LANGUAGE_STANDARD = gnu11;
				INFOPLIST_FILE = MovieQuizTests/Info.plist;
				IPHONEOS_DEPLOYMENT_TARGET = 13.4;
				LD_RUNPATH_SEARCH_PATHS = "$(inherited) @executable_path/Frameworks @loader_path/Frameworks";
				MTL_FAST_MATH = YES;
				PRODUCT_BUNDLE_IDENTIFIER = br.com.renangreca.MovieQuizTests;
				PRODUCT_NAME = "$(TARGET_NAME)";
				SWIFT_OPTIMIZATION_LEVEL = "-O";
				SWIFT_VERSION = 5.0;
				TARGETED_DEVICE_FAMILY = "1,2";
				TEST_HOST = "$(BUILT_PRODUCTS_DIR)/MovieQuiz.app/MovieQuiz";
			};
			name = Release;
		};
/* End XCBuildConfiguration section */

/* Begin XCConfigurationList section */
		1F40AE2D1AF9813F00CAEA48 /* Build configuration list for PBXProject "MovieQuiz" */ = {
			isa = XCConfigurationList;
			buildConfigurations = (
				1F40AE4F1AF9813F00CAEA48 /* Debug */,
				1F40AE501AF9813F00CAEA48 /* Release */,
			);
			defaultConfigurationIsVisible = 0;
			defaultConfigurationName = Release;
		};
		1F40AE511AF9813F00CAEA48 /* Build configuration list for PBXNativeTarget "MovieQuiz" */ = {
			isa = XCConfigurationList;
			buildConfigurations = (
				1F40AE521AF9813F00CAEA48 /* Debug */,
				1F40AE531AF9813F00CAEA48 /* Release */,
			);
			defaultConfigurationIsVisible = 0;
			defaultConfigurationName = Release;
		};
		1F4C9C93246957E400F39911 /* Build configuration list for PBXNativeTarget "MovieQuizTests" */ = {
			isa = XCConfigurationList;
			buildConfigurations = (
				1F4C9C94246957E400F39911 /* Debug */,
				1F4C9C95246957E400F39911 /* Release */,
			);
			defaultConfigurationIsVisible = 0;
			defaultConfigurationName = Release;
		};
/* End XCConfigurationList section */
	};
	rootObject = 1F40AE2A1AF9813F00CAEA48 /* Project object */;
}
