// !$*UTF8*$!
{
	archiveVersion = 1;
	classes = {
	};
	objectVersion = 46;
	objects = {

/* Begin PBXBuildFile section */
		1F348A7C1B5D393B00E3E09E /* GameKit.framework in Frameworks */ = {isa = PBXBuildFile; fileRef = 1F348A7B1B5D393B00E3E09E /* GameKit.framework */; };
		1F40AE381AF9813F00CAEA48 /* AppDelegate.swift in Sources */ = {isa = PBXBuildFile; fileRef = 1F40AE371AF9813F00CAEA48 /* AppDelegate.swift */; };
		1F40AE3A1AF9813F00CAEA48 /* ViewController.swift in Sources */ = {isa = PBXBuildFile; fileRef = 1F40AE391AF9813F00CAEA48 /* ViewController.swift */; };
		1F40AE3F1AF9813F00CAEA48 /* Images.xcassets in Resources */ = {isa = PBXBuildFile; fileRef = 1F40AE3E1AF9813F00CAEA48 /* Images.xcassets */; };
		1F40AE421AF9813F00CAEA48 /* LaunchScreen.xib in Resources */ = {isa = PBXBuildFile; fileRef = 1F40AE401AF9813F00CAEA48 /* LaunchScreen.xib */; };
		1F40AE4E1AF9813F00CAEA48 /* MovieQuizTests.swift in Sources */ = {isa = PBXBuildFile; fileRef = 1F40AE4D1AF9813F00CAEA48 /* MovieQuizTests.swift */; };
		1F8D1FE51B139E030024B587 /* Timer.swift in Sources */ = {isa = PBXBuildFile; fileRef = 1F8D1FE41B139E030024B587 /* Timer.swift */; };
		1FAB838F1AFD6F7E001C8EB7 /* Functions.swift in Sources */ = {isa = PBXBuildFile; fileRef = 1FAB838E1AFD6F7E001C8EB7 /* Functions.swift */; };
		1FB909C11BD90E6E007EA8BD /* SwiftyJSON.framework in Frameworks */ = {isa = PBXBuildFile; fileRef = 1FB909C01BD90E6E007EA8BD /* SwiftyJSON.framework */; };
		1FE1D3ED1AFA88A4008C2EB8 /* Counter.swift in Sources */ = {isa = PBXBuildFile; fileRef = 1FE1D3EC1AFA88A4008C2EB8 /* Counter.swift */; };
		1FE1D3EF1AFA88F6008C2EB8 /* QuizController.swift in Sources */ = {isa = PBXBuildFile; fileRef = 1FE1D3EE1AFA88F6008C2EB8 /* QuizController.swift */; };
		1FE1D3F41AFA8A7C008C2EB8 /* MovieGrabber.swift in Sources */ = {isa = PBXBuildFile; fileRef = 1FE1D3F31AFA8A7C008C2EB8 /* MovieGrabber.swift */; };
		1FE1D3F71AFA8B65008C2EB8 /* Movie.swift in Sources */ = {isa = PBXBuildFile; fileRef = 1FE1D3F61AFA8B65008C2EB8 /* Movie.swift */; };
		1FE1D3F91AFA9B1F008C2EB8 /* MovieList.swift in Sources */ = {isa = PBXBuildFile; fileRef = 1FE1D3F81AFA9B1F008C2EB8 /* MovieList.swift */; };
		1FE1D3FC1AFAA0A2008C2EB8 /* Main.storyboard in Resources */ = {isa = PBXBuildFile; fileRef = 1FE1D3FA1AFAA0A2008C2EB8 /* Main.storyboard */; };
		1FE1D4361AFAE9C6008C2EB8 /* ResultController.swift in Sources */ = {isa = PBXBuildFile; fileRef = 1FE1D4351AFAE9C6008C2EB8 /* ResultController.swift */; };
		1FE1D4381AFC30F2008C2EB8 /* OverController.swift in Sources */ = {isa = PBXBuildFile; fileRef = 1FE1D4371AFC30F2008C2EB8 /* OverController.swift */; };
		1FF563A91B2A5E05003219B9 /* Podfile in Resources */ = {isa = PBXBuildFile; fileRef = 1FF563A81B2A5E05003219B9 /* Podfile */; };
		33C07B2B6B5CFD3C34DE0887 /* Pods_MovieQuizTests.framework in Frameworks */ = {isa = PBXBuildFile; fileRef = 08BD4917DA271C93E759F323 /* Pods_MovieQuizTests.framework */; };
		A48BC1A47D5B737D2062DD19 /* Pods.framework in Frameworks */ = {isa = PBXBuildFile; fileRef = E8C50A934BE151E833BE8933 /* Pods.framework */; };
/* End PBXBuildFile section */

/* Begin PBXContainerItemProxy section */
		1F40AE481AF9813F00CAEA48 /* PBXContainerItemProxy */ = {
			isa = PBXContainerItemProxy;
			containerPortal = 1F40AE2A1AF9813F00CAEA48 /* Project object */;
			proxyType = 1;
			remoteGlobalIDString = 1F40AE311AF9813F00CAEA48;
			remoteInfo = MovieQuiz;
		};
/* End PBXContainerItemProxy section */

/* Begin PBXFileReference section */
		08BD4917DA271C93E759F323 /* Pods_MovieQuizTests.framework */ = {isa = PBXFileReference; explicitFileType = wrapper.framework; includeInIndex = 0; path = Pods_MovieQuizTests.framework; sourceTree = BUILT_PRODUCTS_DIR; };
		1159C0A5F26C58656890B73F /* Pods-MovieQuizTests.debug.xcconfig */ = {isa = PBXFileReference; includeInIndex = 1; lastKnownFileType = text.xcconfig; name = "Pods-MovieQuizTests.debug.xcconfig"; path = "Pods/Target Support Files/Pods-MovieQuizTests/Pods-MovieQuizTests.debug.xcconfig"; sourceTree = "<group>"; };
		1F348A7B1B5D393B00E3E09E /* GameKit.framework */ = {isa = PBXFileReference; lastKnownFileType = wrapper.framework; name = GameKit.framework; path = System/Library/Frameworks/GameKit.framework; sourceTree = SDKROOT; };
		1F40AE321AF9813F00CAEA48 /* MovieQuiz.app */ = {isa = PBXFileReference; explicitFileType = wrapper.application; includeInIndex = 0; path = MovieQuiz.app; sourceTree = BUILT_PRODUCTS_DIR; };
		1F40AE361AF9813F00CAEA48 /* Info.plist */ = {isa = PBXFileReference; lastKnownFileType = text.plist.xml; path = Info.plist; sourceTree = "<group>"; };
		1F40AE371AF9813F00CAEA48 /* AppDelegate.swift */ = {isa = PBXFileReference; lastKnownFileType = sourcecode.swift; path = AppDelegate.swift; sourceTree = "<group>"; };
		1F40AE391AF9813F00CAEA48 /* ViewController.swift */ = {isa = PBXFileReference; lastKnownFileType = sourcecode.swift; path = ViewController.swift; sourceTree = "<group>"; };
		1F40AE3E1AF9813F00CAEA48 /* Images.xcassets */ = {isa = PBXFileReference; lastKnownFileType = folder.assetcatalog; path = Images.xcassets; sourceTree = "<group>"; };
		1F40AE411AF9813F00CAEA48 /* Base */ = {isa = PBXFileReference; lastKnownFileType = file.xib; name = Base; path = Base.lproj/LaunchScreen.xib; sourceTree = "<group>"; };
		1F40AE471AF9813F00CAEA48 /* MovieQuizTests.xctest */ = {isa = PBXFileReference; explicitFileType = wrapper.cfbundle; includeInIndex = 0; path = MovieQuizTests.xctest; sourceTree = BUILT_PRODUCTS_DIR; };
		1F40AE4C1AF9813F00CAEA48 /* Info.plist */ = {isa = PBXFileReference; lastKnownFileType = text.plist.xml; path = Info.plist; sourceTree = "<group>"; };
		1F40AE4D1AF9813F00CAEA48 /* MovieQuizTests.swift */ = {isa = PBXFileReference; lastKnownFileType = sourcecode.swift; path = MovieQuizTests.swift; sourceTree = "<group>"; };
		1F8D1FE41B139E030024B587 /* Timer.swift */ = {isa = PBXFileReference; fileEncoding = 4; lastKnownFileType = sourcecode.swift; path = Timer.swift; sourceTree = "<group>"; };
		1FAB838E1AFD6F7E001C8EB7 /* Functions.swift */ = {isa = PBXFileReference; fileEncoding = 4; lastKnownFileType = sourcecode.swift; path = Functions.swift; sourceTree = "<group>"; };
		1FB909C01BD90E6E007EA8BD /* SwiftyJSON.framework */ = {isa = PBXFileReference; lastKnownFileType = wrapper.framework; name = SwiftyJSON.framework; path = "Pods/../build/Debug-iphoneos/SwiftyJSON.framework"; sourceTree = "<group>"; };
		1FE1D3EC1AFA88A4008C2EB8 /* Counter.swift */ = {isa = PBXFileReference; fileEncoding = 4; lastKnownFileType = sourcecode.swift; path = Counter.swift; sourceTree = "<group>"; };
		1FE1D3EE1AFA88F6008C2EB8 /* QuizController.swift */ = {isa = PBXFileReference; fileEncoding = 4; lastKnownFileType = sourcecode.swift; path = QuizController.swift; sourceTree = "<group>"; };
		1FE1D3F31AFA8A7C008C2EB8 /* MovieGrabber.swift */ = {isa = PBXFileReference; fileEncoding = 4; lastKnownFileType = sourcecode.swift; path = MovieGrabber.swift; sourceTree = "<group>"; };
		1FE1D3F61AFA8B65008C2EB8 /* Movie.swift */ = {isa = PBXFileReference; fileEncoding = 4; lastKnownFileType = sourcecode.swift; path = Movie.swift; sourceTree = "<group>"; };
		1FE1D3F81AFA9B1F008C2EB8 /* MovieList.swift */ = {isa = PBXFileReference; fileEncoding = 4; lastKnownFileType = sourcecode.swift; path = MovieList.swift; sourceTree = "<group>"; };
		1FE1D3FB1AFAA0A2008C2EB8 /* Base */ = {isa = PBXFileReference; lastKnownFileType = file.storyboard; name = Base; path = Base.lproj/Main.storyboard; sourceTree = "<group>"; };
		1FE1D4331AFACF6D008C2EB8 /* SwiftyJSON.framework */ = {isa = PBXFileReference; lastKnownFileType = wrapper.framework; name = SwiftyJSON.framework; path = "Pods/../build/Debug-iphoneos/Pods-MovieQuiz/SwiftyJSON.framework"; sourceTree = "<group>"; };
		1FE1D4351AFAE9C6008C2EB8 /* ResultController.swift */ = {isa = PBXFileReference; fileEncoding = 4; lastKnownFileType = sourcecode.swift; path = ResultController.swift; sourceTree = "<group>"; };
		1FE1D4371AFC30F2008C2EB8 /* OverController.swift */ = {isa = PBXFileReference; fileEncoding = 4; lastKnownFileType = sourcecode.swift; path = OverController.swift; sourceTree = "<group>"; };
		1FF563A81B2A5E05003219B9 /* Podfile */ = {isa = PBXFileReference; fileEncoding = 4; lastKnownFileType = text; path = Podfile; sourceTree = "<group>"; };
		43A6BB52ECB9B6E253B604B7 /* Pods-MovieQuiz.release.xcconfig */ = {isa = PBXFileReference; includeInIndex = 1; lastKnownFileType = text.xcconfig; name = "Pods-MovieQuiz.release.xcconfig"; path = "Pods/Target Support Files/Pods-MovieQuiz/Pods-MovieQuiz.release.xcconfig"; sourceTree = "<group>"; };
		524B830E58DA3B6DB41BD3B4 /* Pods.debug.xcconfig */ = {isa = PBXFileReference; includeInIndex = 1; lastKnownFileType = text.xcconfig; name = Pods.debug.xcconfig; path = "Pods/Target Support Files/Pods/Pods.debug.xcconfig"; sourceTree = "<group>"; };
		6A01FCD6EAC3522645ED7D6C /* Pods_MovieQuiz.framework */ = {isa = PBXFileReference; explicitFileType = wrapper.framework; includeInIndex = 0; path = Pods_MovieQuiz.framework; sourceTree = BUILT_PRODUCTS_DIR; };
		A4FB8CD4F04C75E4FC937A47 /* Pods-MovieQuizTests.release.xcconfig */ = {isa = PBXFileReference; includeInIndex = 1; lastKnownFileType = text.xcconfig; name = "Pods-MovieQuizTests.release.xcconfig"; path = "Pods/Target Support Files/Pods-MovieQuizTests/Pods-MovieQuizTests.release.xcconfig"; sourceTree = "<group>"; };
		AB2B5EE3F4660A89B522048B /* Pods-MovieQuiz.debug.xcconfig */ = {isa = PBXFileReference; includeInIndex = 1; lastKnownFileType = text.xcconfig; name = "Pods-MovieQuiz.debug.xcconfig"; path = "Pods/Target Support Files/Pods-MovieQuiz/Pods-MovieQuiz.debug.xcconfig"; sourceTree = "<group>"; };
		E8C50A934BE151E833BE8933 /* Pods.framework */ = {isa = PBXFileReference; explicitFileType = wrapper.framework; includeInIndex = 0; path = Pods.framework; sourceTree = BUILT_PRODUCTS_DIR; };
/* End PBXFileReference section */

/* Begin PBXFrameworksBuildPhase section */
		1F40AE2F1AF9813F00CAEA48 /* Frameworks */ = {
			isa = PBXFrameworksBuildPhase;
			buildActionMask = 2147483647;
			files = (
				1FB909C11BD90E6E007EA8BD /* SwiftyJSON.framework in Frameworks */,
				1F348A7C1B5D393B00E3E09E /* GameKit.framework in Frameworks */,
				A48BC1A47D5B737D2062DD19 /* Pods.framework in Frameworks */,
			);
			runOnlyForDeploymentPostprocessing = 0;
		};
		1F40AE441AF9813F00CAEA48 /* Frameworks */ = {
			isa = PBXFrameworksBuildPhase;
			buildActionMask = 2147483647;
			files = (
				33C07B2B6B5CFD3C34DE0887 /* Pods_MovieQuizTests.framework in Frameworks */,
			);
			runOnlyForDeploymentPostprocessing = 0;
		};
/* End PBXFrameworksBuildPhase section */

/* Begin PBXGroup section */
		1F40AE291AF9813F00CAEA48 = {
			isa = PBXGroup;
			children = (
				1F40AE341AF9813F00CAEA48 /* MovieQuiz */,
				1F40AE4A1AF9813F00CAEA48 /* MovieQuizTests */,
				1F40AE331AF9813F00CAEA48 /* Products */,
				6A5121D5552750CBD0C4A639 /* Pods */,
				FB8F83456B8DBC15E04EFAD8 /* Frameworks */,
			);
			sourceTree = "<group>";
		};
		1F40AE331AF9813F00CAEA48 /* Products */ = {
			isa = PBXGroup;
			children = (
				1F40AE321AF9813F00CAEA48 /* MovieQuiz.app */,
				1F40AE471AF9813F00CAEA48 /* MovieQuizTests.xctest */,
			);
			name = Products;
			sourceTree = "<group>";
		};
		1F40AE341AF9813F00CAEA48 /* MovieQuiz */ = {
			isa = PBXGroup;
			children = (
				1F40AE371AF9813F00CAEA48 /* AppDelegate.swift */,
				1FE1D3F51AFA8B4F008C2EB8 /* Model */,
				1FE1D3F21AFA8A0E008C2EB8 /* View */,
				1FE1D3F11AFA89F2008C2EB8 /* Controller */,
				1FE1D3F01AFA89D5008C2EB8 /* lib */,
				1F40AE3E1AF9813F00CAEA48 /* Images.xcassets */,
				1F40AE351AF9813F00CAEA48 /* Supporting Files */,
			);
			path = MovieQuiz;
			sourceTree = "<group>";
		};
		1F40AE351AF9813F00CAEA48 /* Supporting Files */ = {
			isa = PBXGroup;
			children = (
				1FF563A81B2A5E05003219B9 /* Podfile */,
				1F40AE361AF9813F00CAEA48 /* Info.plist */,
			);
			name = "Supporting Files";
			sourceTree = "<group>";
		};
		1F40AE4A1AF9813F00CAEA48 /* MovieQuizTests */ = {
			isa = PBXGroup;
			children = (
				1F40AE4D1AF9813F00CAEA48 /* MovieQuizTests.swift */,
				1F40AE4B1AF9813F00CAEA48 /* Supporting Files */,
			);
			path = MovieQuizTests;
			sourceTree = "<group>";
		};
		1F40AE4B1AF9813F00CAEA48 /* Supporting Files */ = {
			isa = PBXGroup;
			children = (
				1F40AE4C1AF9813F00CAEA48 /* Info.plist */,
			);
			name = "Supporting Files";
			sourceTree = "<group>";
		};
		1FE1D3F01AFA89D5008C2EB8 /* lib */ = {
			isa = PBXGroup;
			children = (
				1FE1D3EC1AFA88A4008C2EB8 /* Counter.swift */,
				1FE1D3F31AFA8A7C008C2EB8 /* MovieGrabber.swift */,
				1FAB838E1AFD6F7E001C8EB7 /* Functions.swift */,
				1F8D1FE41B139E030024B587 /* Timer.swift */,
			);
			name = lib;
			sourceTree = "<group>";
		};
		1FE1D3F11AFA89F2008C2EB8 /* Controller */ = {
			isa = PBXGroup;
			children = (
				1F40AE391AF9813F00CAEA48 /* ViewController.swift */,
				1FE1D3EE1AFA88F6008C2EB8 /* QuizController.swift */,
				1FE1D4351AFAE9C6008C2EB8 /* ResultController.swift */,
				1FE1D4371AFC30F2008C2EB8 /* OverController.swift */,
			);
			name = Controller;
			sourceTree = "<group>";
		};
		1FE1D3F21AFA8A0E008C2EB8 /* View */ = {
			isa = PBXGroup;
			children = (
				1F40AE401AF9813F00CAEA48 /* LaunchScreen.xib */,
				1FE1D3FA1AFAA0A2008C2EB8 /* Main.storyboard */,
			);
			name = View;
			sourceTree = "<group>";
		};
		1FE1D3F51AFA8B4F008C2EB8 /* Model */ = {
			isa = PBXGroup;
			children = (
				1FE1D3F61AFA8B65008C2EB8 /* Movie.swift */,
				1FE1D3F81AFA9B1F008C2EB8 /* MovieList.swift */,
			);
			name = Model;
			sourceTree = "<group>";
		};
		6A5121D5552750CBD0C4A639 /* Pods */ = {
			isa = PBXGroup;
			children = (
				AB2B5EE3F4660A89B522048B /* Pods-MovieQuiz.debug.xcconfig */,
				43A6BB52ECB9B6E253B604B7 /* Pods-MovieQuiz.release.xcconfig */,
				1159C0A5F26C58656890B73F /* Pods-MovieQuizTests.debug.xcconfig */,
				A4FB8CD4F04C75E4FC937A47 /* Pods-MovieQuizTests.release.xcconfig */,
				524B830E58DA3B6DB41BD3B4 /* Pods.debug.xcconfig */,
			);
			name = Pods;
			sourceTree = "<group>";
		};
		FB8F83456B8DBC15E04EFAD8 /* Frameworks */ = {
			isa = PBXGroup;
			children = (
				1FB909C01BD90E6E007EA8BD /* SwiftyJSON.framework */,
				1F348A7B1B5D393B00E3E09E /* GameKit.framework */,
				1FE1D4331AFACF6D008C2EB8 /* SwiftyJSON.framework */,
				6A01FCD6EAC3522645ED7D6C /* Pods_MovieQuiz.framework */,
				08BD4917DA271C93E759F323 /* Pods_MovieQuizTests.framework */,
				E8C50A934BE151E833BE8933 /* Pods.framework */,
			);
			name = Frameworks;
			sourceTree = "<group>";
		};
/* End PBXGroup section */

/* Begin PBXNativeTarget section */
		1F40AE311AF9813F00CAEA48 /* MovieQuiz */ = {
			isa = PBXNativeTarget;
			buildConfigurationList = 1F40AE511AF9813F00CAEA48 /* Build configuration list for PBXNativeTarget "MovieQuiz" */;
			buildPhases = (
				E1FD369C44F2557D94FAF0F4 /* Check Pods Manifest.lock */,
				1F40AE2E1AF9813F00CAEA48 /* Sources */,
				1F40AE2F1AF9813F00CAEA48 /* Frameworks */,
				1F40AE301AF9813F00CAEA48 /* Resources */,
				2C79042B3A5CDE4152A1A04B /* Embed Pods Frameworks */,
				0AEC4CF7B0C3A09B9282AE21 /* Copy Pods Resources */,
				1F060C801BD9147C003C25C3 /* ShellScript */,
			);
			buildRules = (
			);
			dependencies = (
			);
			name = MovieQuiz;
			productName = MovieQuiz;
			productReference = 1F40AE321AF9813F00CAEA48 /* MovieQuiz.app */;
			productType = "com.apple.product-type.application";
		};
		1F40AE461AF9813F00CAEA48 /* MovieQuizTests */ = {
			isa = PBXNativeTarget;
			buildConfigurationList = 1F40AE541AF9813F00CAEA48 /* Build configuration list for PBXNativeTarget "MovieQuizTests" */;
			buildPhases = (
				BCB1FA2608E8AF9490B652A8 /* Check Pods Manifest.lock */,
				1F40AE431AF9813F00CAEA48 /* Sources */,
				1F40AE441AF9813F00CAEA48 /* Frameworks */,
				1F40AE451AF9813F00CAEA48 /* Resources */,
			);
			buildRules = (
			);
			dependencies = (
				1F40AE491AF9813F00CAEA48 /* PBXTargetDependency */,
			);
			name = MovieQuizTests;
			productName = MovieQuizTests;
			productReference = 1F40AE471AF9813F00CAEA48 /* MovieQuizTests.xctest */;
			productType = "com.apple.product-type.bundle.unit-test";
		};
/* End PBXNativeTarget section */

/* Begin PBXProject section */
		1F40AE2A1AF9813F00CAEA48 /* Project object */ = {
			isa = PBXProject;
			attributes = {
				LastSwiftMigration = 0710;
				LastSwiftUpdateCheck = 0700;
				LastUpgradeCheck = 0710;
				ORGANIZATIONNAME = renangreca;
				TargetAttributes = {
					1F40AE311AF9813F00CAEA48 = {
						CreatedOnToolsVersion = 6.3.1;
						DevelopmentTeam = 6E3MXG6BSH;
						SystemCapabilities = {
							com.apple.GameCenter = {
								enabled = 1;
							};
						};
					};
					1F40AE461AF9813F00CAEA48 = {
						CreatedOnToolsVersion = 6.3.1;
						TestTargetID = 1F40AE311AF9813F00CAEA48;
					};
				};
			};
			buildConfigurationList = 1F40AE2D1AF9813F00CAEA48 /* Build configuration list for PBXProject "MovieQuiz" */;
			compatibilityVersion = "Xcode 3.2";
			developmentRegion = English;
			hasScannedForEncodings = 0;
			knownRegions = (
				en,
				Base,
			);
			mainGroup = 1F40AE291AF9813F00CAEA48;
			productRefGroup = 1F40AE331AF9813F00CAEA48 /* Products */;
			projectDirPath = "";
			projectRoot = "";
			targets = (
				1F40AE311AF9813F00CAEA48 /* MovieQuiz */,
				1F40AE461AF9813F00CAEA48 /* MovieQuizTests */,
			);
		};
/* End PBXProject section */

/* Begin PBXResourcesBuildPhase section */
		1F40AE301AF9813F00CAEA48 /* Resources */ = {
			isa = PBXResourcesBuildPhase;
			buildActionMask = 2147483647;
			files = (
				1FE1D3FC1AFAA0A2008C2EB8 /* Main.storyboard in Resources */,
				1F40AE421AF9813F00CAEA48 /* LaunchScreen.xib in Resources */,
				1FF563A91B2A5E05003219B9 /* Podfile in Resources */,
				1F40AE3F1AF9813F00CAEA48 /* Images.xcassets in Resources */,
			);
			runOnlyForDeploymentPostprocessing = 0;
		};
		1F40AE451AF9813F00CAEA48 /* Resources */ = {
			isa = PBXResourcesBuildPhase;
			buildActionMask = 2147483647;
			files = (
			);
			runOnlyForDeploymentPostprocessing = 0;
		};
/* End PBXResourcesBuildPhase section */

/* Begin PBXShellScriptBuildPhase section */
		0AEC4CF7B0C3A09B9282AE21 /* Copy Pods Resources */ = {
			isa = PBXShellScriptBuildPhase;
			buildActionMask = 2147483647;
			files = (
			);
			inputPaths = (
			);
			name = "Copy Pods Resources";
			outputPaths = (
			);
			runOnlyForDeploymentPostprocessing = 0;
			shellPath = /bin/sh;
			shellScript = "\"${SRCROOT}/Pods/Target Support Files/Pods/Pods-resources.sh\"\n";
			showEnvVarsInLog = 0;
		};
		1F060C801BD9147C003C25C3 /* ShellScript */ = {
			isa = PBXShellScriptBuildPhase;
			buildActionMask = 2147483647;
			files = (
			);
			inputPaths = (
			);
			outputPaths = (
			);
			runOnlyForDeploymentPostprocessing = 0;
			shellPath = /bin/sh;
			shellScript = "\"${PODS_ROOT}/Fabric/Fabric.framework/run\" 8425ef6e89a29dce02ee167b324c49a70d5d0f53 3cbfb98b93687b73b4a85fcf95e9f829fe9a11f0351c773f20959df20bdeaef5";
		};
		2C79042B3A5CDE4152A1A04B /* Embed Pods Frameworks */ = {
			isa = PBXShellScriptBuildPhase;
			buildActionMask = 2147483647;
			files = (
			);
			inputPaths = (
			);
			name = "Embed Pods Frameworks";
			outputPaths = (
			);
			runOnlyForDeploymentPostprocessing = 0;
			shellPath = /bin/sh;
			shellScript = "\"${SRCROOT}/Pods/Target Support Files/Pods/Pods-frameworks.sh\"\n";
			showEnvVarsInLog = 0;
		};
		BCB1FA2608E8AF9490B652A8 /* Check Pods Manifest.lock */ = {
			isa = PBXShellScriptBuildPhase;
			buildActionMask = 2147483647;
			files = (
			);
			inputPaths = (
			);
			name = "Check Pods Manifest.lock";
			outputPaths = (
			);
			runOnlyForDeploymentPostprocessing = 0;
			shellPath = /bin/sh;
			shellScript = "diff \"${PODS_ROOT}/../Podfile.lock\" \"${PODS_ROOT}/Manifest.lock\" > /dev/null\nif [[ $? != 0 ]] ; then\n    cat << EOM\nerror: The sandbox is not in sync with the Podfile.lock. Run 'pod install' or update your CocoaPods installation.\nEOM\n    exit 1\nfi\n";
			showEnvVarsInLog = 0;
		};
		E1FD369C44F2557D94FAF0F4 /* Check Pods Manifest.lock */ = {
			isa = PBXShellScriptBuildPhase;
			buildActionMask = 2147483647;
			files = (
			);
			inputPaths = (
			);
			name = "Check Pods Manifest.lock";
			outputPaths = (
			);
			runOnlyForDeploymentPostprocessing = 0;
			shellPath = /bin/sh;
			shellScript = "diff \"${PODS_ROOT}/../Podfile.lock\" \"${PODS_ROOT}/Manifest.lock\" > /dev/null\nif [[ $? != 0 ]] ; then\n    cat << EOM\nerror: The sandbox is not in sync with the Podfile.lock. Run 'pod install' or update your CocoaPods installation.\nEOM\n    exit 1\nfi\n";
		};
/* End PBXShellScriptBuildPhase section */

/* Begin PBXSourcesBuildPhase section */
		1F40AE2E1AF9813F00CAEA48 /* Sources */ = {
			isa = PBXSourcesBuildPhase;
			buildActionMask = 2147483647;
			files = (
				1FE1D3EF1AFA88F6008C2EB8 /* QuizController.swift in Sources */,
				1F40AE3A1AF9813F00CAEA48 /* ViewController.swift in Sources */,
				1FE1D3F71AFA8B65008C2EB8 /* Movie.swift in Sources */,
				1FAB838F1AFD6F7E001C8EB7 /* Functions.swift in Sources */,
				1FE1D3F41AFA8A7C008C2EB8 /* MovieGrabber.swift in Sources */,
				1FE1D4361AFAE9C6008C2EB8 /* ResultController.swift in Sources */,
				1FE1D4381AFC30F2008C2EB8 /* OverController.swift in Sources */,
				1F40AE381AF9813F00CAEA48 /* AppDelegate.swift in Sources */,
				1FE1D3ED1AFA88A4008C2EB8 /* Counter.swift in Sources */,
				1F8D1FE51B139E030024B587 /* Timer.swift in Sources */,
				1FE1D3F91AFA9B1F008C2EB8 /* MovieList.swift in Sources */,
			);
			runOnlyForDeploymentPostprocessing = 0;
		};
		1F40AE431AF9813F00CAEA48 /* Sources */ = {
			isa = PBXSourcesBuildPhase;
			buildActionMask = 2147483647;
			files = (
				1F40AE4E1AF9813F00CAEA48 /* MovieQuizTests.swift in Sources */,
			);
			runOnlyForDeploymentPostprocessing = 0;
		};
/* End PBXSourcesBuildPhase section */

/* Begin PBXTargetDependency section */
		1F40AE491AF9813F00CAEA48 /* PBXTargetDependency */ = {
			isa = PBXTargetDependency;
			target = 1F40AE311AF9813F00CAEA48 /* MovieQuiz */;
			targetProxy = 1F40AE481AF9813F00CAEA48 /* PBXContainerItemProxy */;
		};
/* End PBXTargetDependency section */

/* Begin PBXVariantGroup section */
		1F40AE401AF9813F00CAEA48 /* LaunchScreen.xib */ = {
			isa = PBXVariantGroup;
			children = (
				1F40AE411AF9813F00CAEA48 /* Base */,
			);
			name = LaunchScreen.xib;
			sourceTree = "<group>";
		};
		1FE1D3FA1AFAA0A2008C2EB8 /* Main.storyboard */ = {
			isa = PBXVariantGroup;
			children = (
				1FE1D3FB1AFAA0A2008C2EB8 /* Base */,
			);
			name = Main.storyboard;
			sourceTree = "<group>";
		};
/* End PBXVariantGroup section */

/* Begin XCBuildConfiguration section */
		1F40AE4F1AF9813F00CAEA48 /* Debug */ = {
			isa = XCBuildConfiguration;
			buildSettings = {
				ALWAYS_SEARCH_USER_PATHS = NO;
				CLANG_CXX_LANGUAGE_STANDARD = "gnu++0x";
				CLANG_CXX_LIBRARY = "libc++";
				CLANG_ENABLE_MODULES = YES;
				CLANG_ENABLE_OBJC_ARC = YES;
				CLANG_WARN_BOOL_CONVERSION = YES;
				CLANG_WARN_CONSTANT_CONVERSION = YES;
				CLANG_WARN_DIRECT_OBJC_ISA_USAGE = YES_ERROR;
				CLANG_WARN_EMPTY_BODY = YES;
				CLANG_WARN_ENUM_CONVERSION = YES;
				CLANG_WARN_INT_CONVERSION = YES;
				CLANG_WARN_OBJC_ROOT_CLASS = YES_ERROR;
				CLANG_WARN_UNREACHABLE_CODE = YES;
				CLANG_WARN__DUPLICATE_METHOD_MATCH = YES;
				"CODE_SIGN_IDENTITY[sdk=iphoneos*]" = "iPhone Developer";
				COPY_PHASE_STRIP = NO;
				DEBUG_INFORMATION_FORMAT = "dwarf-with-dsym";
				ENABLE_STRICT_OBJC_MSGSEND = YES;
				ENABLE_TESTABILITY = YES;
				GCC_C_LANGUAGE_STANDARD = gnu99;
				GCC_DYNAMIC_NO_PIC = NO;
				GCC_NO_COMMON_BLOCKS = YES;
				GCC_OPTIMIZATION_LEVEL = 0;
				GCC_PREPROCESSOR_DEFINITIONS = (
					"DEBUG=1",
					"$(inherited)",
				);
				GCC_SYMBOLS_PRIVATE_EXTERN = NO;
				GCC_WARN_64_TO_32_BIT_CONVERSION = YES;
				GCC_WARN_ABOUT_RETURN_TYPE = YES_ERROR;
				GCC_WARN_UNDECLARED_SELECTOR = YES;
				GCC_WARN_UNINITIALIZED_AUTOS = YES_AGGRESSIVE;
				GCC_WARN_UNUSED_FUNCTION = YES;
				GCC_WARN_UNUSED_VARIABLE = YES;
				IPHONEOS_DEPLOYMENT_TARGET = 8.3;
				MTL_ENABLE_DEBUG_INFO = YES;
				ONLY_ACTIVE_ARCH = YES;
				SDKROOT = iphoneos;
				SWIFT_OPTIMIZATION_LEVEL = "-Onone";
				TARGETED_DEVICE_FAMILY = "1,2";
			};
			name = Debug;
		};
		1F40AE501AF9813F00CAEA48 /* Release */ = {
			isa = XCBuildConfiguration;
			buildSettings = {
				ALWAYS_SEARCH_USER_PATHS = NO;
				CLANG_CXX_LANGUAGE_STANDARD = "gnu++0x";
				CLANG_CXX_LIBRARY = "libc++";
				CLANG_ENABLE_MODULES = YES;
				CLANG_ENABLE_OBJC_ARC = YES;
				CLANG_WARN_BOOL_CONVERSION = YES;
				CLANG_WARN_CONSTANT_CONVERSION = YES;
				CLANG_WARN_DIRECT_OBJC_ISA_USAGE = YES_ERROR;
				CLANG_WARN_EMPTY_BODY = YES;
				CLANG_WARN_ENUM_CONVERSION = YES;
				CLANG_WARN_INT_CONVERSION = YES;
				CLANG_WARN_OBJC_ROOT_CLASS = YES_ERROR;
				CLANG_WARN_UNREACHABLE_CODE = YES;
				CLANG_WARN__DUPLICATE_METHOD_MATCH = YES;
				"CODE_SIGN_IDENTITY[sdk=iphoneos*]" = "iPhone Developer";
				COPY_PHASE_STRIP = NO;
				DEBUG_INFORMATION_FORMAT = "dwarf-with-dsym";
				ENABLE_NS_ASSERTIONS = NO;
				ENABLE_STRICT_OBJC_MSGSEND = YES;
				GCC_C_LANGUAGE_STANDARD = gnu99;
				GCC_NO_COMMON_BLOCKS = YES;
				GCC_WARN_64_TO_32_BIT_CONVERSION = YES;
				GCC_WARN_ABOUT_RETURN_TYPE = YES_ERROR;
				GCC_WARN_UNDECLARED_SELECTOR = YES;
				GCC_WARN_UNINITIALIZED_AUTOS = YES_AGGRESSIVE;
				GCC_WARN_UNUSED_FUNCTION = YES;
				GCC_WARN_UNUSED_VARIABLE = YES;
				IPHONEOS_DEPLOYMENT_TARGET = 8.3;
				MTL_ENABLE_DEBUG_INFO = NO;
				SDKROOT = iphoneos;
				TARGETED_DEVICE_FAMILY = "1,2";
				VALIDATE_PRODUCT = YES;
			};
			name = Release;
		};
		1F40AE521AF9813F00CAEA48 /* Debug */ = {
			isa = XCBuildConfiguration;
			baseConfigurationReference = 524B830E58DA3B6DB41BD3B4 /* Pods.debug.xcconfig */;
			buildSettings = {
				ASSETCATALOG_COMPILER_APPICON_NAME = AppIcon;
				CODE_SIGN_IDENTITY = "iPhone Developer";
				"CODE_SIGN_IDENTITY[sdk=iphoneos*]" = "iPhone Developer";
				ENABLE_BITCODE = NO;
				FRAMEWORK_SEARCH_PATHS = (
					"$(inherited)",
					"$(PROJECT_DIR)/build/Debug-iphoneos/Pods-MovieQuiz",
					"$(PROJECT_DIR)/build/Debug-iphoneos",
				);
				INFOPLIST_FILE = MovieQuiz/Info.plist;
				IPHONEOS_DEPLOYMENT_TARGET = 8.0;
				LD_RUNPATH_SEARCH_PATHS = "$(inherited) @executable_path/Frameworks";
				PRODUCT_BUNDLE_IDENTIFIER = "br.com.renangreca.$(PRODUCT_NAME:rfc1034identifier)";
				PRODUCT_NAME = "$(TARGET_NAME)";
				PROVISIONING_PROFILE = "";
			};
			name = Debug;
		};
		1F40AE531AF9813F00CAEA48 /* Release */ = {
			isa = XCBuildConfiguration;
			baseConfigurationReference = 43A6BB52ECB9B6E253B604B7 /* Pods-MovieQuiz.release.xcconfig */;
			buildSettings = {
				ASSETCATALOG_COMPILER_APPICON_NAME = AppIcon;
				CODE_SIGN_IDENTITY = "iPhone Developer";
				"CODE_SIGN_IDENTITY[sdk=iphoneos*]" = "iPhone Developer";
				ENABLE_BITCODE = NO;
				FRAMEWORK_SEARCH_PATHS = (
					"$(inherited)",
					"$(PROJECT_DIR)/build/Debug-iphoneos/Pods-MovieQuiz",
					"$(PROJECT_DIR)/build/Debug-iphoneos",
				);
				INFOPLIST_FILE = MovieQuiz/Info.plist;
				IPHONEOS_DEPLOYMENT_TARGET = 8.0;
				LD_RUNPATH_SEARCH_PATHS = "$(inherited) @executable_path/Frameworks";
				PODS_ROOT = "${SRCROOT}/Pods";
				PRODUCT_BUNDLE_IDENTIFIER = "br.com.renangreca.$(PRODUCT_NAME:rfc1034identifier)";
				PRODUCT_NAME = "$(TARGET_NAME)";
				PROVISIONING_PROFILE = "";
			};
			name = Release;
		};
		1F40AE551AF9813F00CAEA48 /* Debug */ = {
			isa = XCBuildConfiguration;
			buildSettings = {
				BUNDLE_LOADER = "$(TEST_HOST)";
				FRAMEWORK_SEARCH_PATHS = (
					"$(SDKROOT)/Developer/Library/Frameworks",
					"$(inherited)",
				);
				GCC_PREPROCESSOR_DEFINITIONS = (
					"DEBUG=1",
					"$(inherited)",
				);
				INFOPLIST_FILE = MovieQuizTests/Info.plist;
				LD_RUNPATH_SEARCH_PATHS = "$(inherited) @executable_path/Frameworks @loader_path/Frameworks";
				PODS_ROOT = "${SRCROOT}/Pods";
				PRODUCT_BUNDLE_IDENTIFIER = "br.com.renangreca.$(PRODUCT_NAME:rfc1034identifier)";
				PRODUCT_NAME = "$(TARGET_NAME)";
				TEST_HOST = "$(BUILT_PRODUCTS_DIR)/MovieQuiz.app/MovieQuiz";
			};
			name = Debug;
		};
		1F40AE561AF9813F00CAEA48 /* Release */ = {
			isa = XCBuildConfiguration;
			baseConfigurationReference = A4FB8CD4F04C75E4FC937A47 /* Pods-MovieQuizTests.release.xcconfig */;
			buildSettings = {
				BUNDLE_LOADER = "$(TEST_HOST)";
				FRAMEWORK_SEARCH_PATHS = (
					"$(SDKROOT)/Developer/Library/Frameworks",
					"$(inherited)",
				);
				INFOPLIST_FILE = MovieQuizTests/Info.plist;
				LD_RUNPATH_SEARCH_PATHS = "$(inherited) @executable_path/Frameworks @loader_path/Frameworks";
				PODS_ROOT = "${SRCROOT}/Pods";
				PRODUCT_BUNDLE_IDENTIFIER = "br.com.renangreca.$(PRODUCT_NAME:rfc1034identifier)";
				PRODUCT_NAME = "$(TARGET_NAME)";
				TEST_HOST = "$(BUILT_PRODUCTS_DIR)/MovieQuiz.app/MovieQuiz";
			};
			name = Release;
		};
/* End XCBuildConfiguration section */

/* Begin XCConfigurationList section */
		1F40AE2D1AF9813F00CAEA48 /* Build configuration list for PBXProject "MovieQuiz" */ = {
			isa = XCConfigurationList;
			buildConfigurations = (
				1F40AE4F1AF9813F00CAEA48 /* Debug */,
				1F40AE501AF9813F00CAEA48 /* Release */,
			);
			defaultConfigurationIsVisible = 0;
			defaultConfigurationName = Release;
		};
		1F40AE511AF9813F00CAEA48 /* Build configuration list for PBXNativeTarget "MovieQuiz" */ = {
			isa = XCConfigurationList;
			buildConfigurations = (
				1F40AE521AF9813F00CAEA48 /* Debug */,
				1F40AE531AF9813F00CAEA48 /* Release */,
			);
			defaultConfigurationIsVisible = 0;
			defaultConfigurationName = Release;
		};
		1F40AE541AF9813F00CAEA48 /* Build configuration list for PBXNativeTarget "MovieQuizTests" */ = {
			isa = XCConfigurationList;
			buildConfigurations = (
				1F40AE551AF9813F00CAEA48 /* Debug */,
				1F40AE561AF9813F00CAEA48 /* Release */,
			);
			defaultConfigurationIsVisible = 0;
			defaultConfigurationName = Release;
		};
/* End XCConfigurationList section */
	};
	rootObject = 1F40AE2A1AF9813F00CAEA48 /* Project object */;
}
