<?xml version="1.0" encoding="UTF-8"?>
<Scheme
<<<<<<< HEAD
<<<<<<< HEAD
   LastUpgradeVersion = "0710"
=======
   LastUpgradeVersion = "0620"
>>>>>>> c5f555117e9a8f1c4a1eb344b5b4622968a94acd
=======
   LastUpgradeVersion = "0630"
>>>>>>> parent of 1530393... Version 1.3
   version = "1.3">
   <BuildAction
      parallelizeBuildables = "YES"
      buildImplicitDependencies = "YES">
      <BuildActionEntries>
         <BuildActionEntry
            buildForTesting = "YES"
            buildForRunning = "YES"
            buildForProfiling = "YES"
            buildForArchiving = "YES"
            buildForAnalyzing = "YES">
            <BuildableReference
               BuildableIdentifier = "primary"
<<<<<<< HEAD
               BlueprintIdentifier = "1F40AE311AF9813F00CAEA48"
=======
               BlueprintIdentifier = "1FAAB2721ABA3297007ABE82"
>>>>>>> c5f555117e9a8f1c4a1eb344b5b4622968a94acd
               BuildableName = "MovieQuiz.app"
               BlueprintName = "MovieQuiz"
               ReferencedContainer = "container:MovieQuiz.xcodeproj">
            </BuildableReference>
         </BuildActionEntry>
         <BuildActionEntry
            buildForTesting = "YES"
            buildForRunning = "YES"
            buildForProfiling = "NO"
            buildForArchiving = "NO"
            buildForAnalyzing = "YES">
            <BuildableReference
               BuildableIdentifier = "primary"
<<<<<<< HEAD
               BlueprintIdentifier = "1F40AE461AF9813F00CAEA48"
=======
               BlueprintIdentifier = "1FAAB28B1ABA3297007ABE82"
>>>>>>> c5f555117e9a8f1c4a1eb344b5b4622968a94acd
               BuildableName = "MovieQuizTests.xctest"
               BlueprintName = "MovieQuizTests"
               ReferencedContainer = "container:MovieQuiz.xcodeproj">
            </BuildableReference>
         </BuildActionEntry>
      </BuildActionEntries>
   </BuildAction>
   <TestAction
<<<<<<< HEAD
<<<<<<< HEAD
      buildConfiguration = "Debug"
      selectedDebuggerIdentifier = "Xcode.DebuggerFoundation.Debugger.LLDB"
      selectedLauncherIdentifier = "Xcode.DebuggerFoundation.Launcher.LLDB"
      shouldUseLaunchSchemeArgsEnv = "YES">
=======
      selectedDebuggerIdentifier = "Xcode.DebuggerFoundation.Debugger.LLDB"
      selectedLauncherIdentifier = "Xcode.DebuggerFoundation.Launcher.LLDB"
      shouldUseLaunchSchemeArgsEnv = "YES"
      buildConfiguration = "Debug">
>>>>>>> c5f555117e9a8f1c4a1eb344b5b4622968a94acd
=======
      selectedDebuggerIdentifier = "Xcode.DebuggerFoundation.Debugger.LLDB"
      selectedLauncherIdentifier = "Xcode.DebuggerFoundation.Launcher.LLDB"
      shouldUseLaunchSchemeArgsEnv = "YES"
      buildConfiguration = "Debug">
>>>>>>> parent of 1530393... Version 1.3
      <Testables>
         <TestableReference
            skipped = "NO">
            <BuildableReference
               BuildableIdentifier = "primary"
<<<<<<< HEAD
               BlueprintIdentifier = "1F40AE461AF9813F00CAEA48"
=======
               BlueprintIdentifier = "1FAAB28B1ABA3297007ABE82"
>>>>>>> c5f555117e9a8f1c4a1eb344b5b4622968a94acd
               BuildableName = "MovieQuizTests.xctest"
               BlueprintName = "MovieQuizTests"
               ReferencedContainer = "container:MovieQuiz.xcodeproj">
            </BuildableReference>
         </TestableReference>
      </Testables>
      <MacroExpansion>
         <BuildableReference
            BuildableIdentifier = "primary"
<<<<<<< HEAD
            BlueprintIdentifier = "1F40AE311AF9813F00CAEA48"
=======
            BlueprintIdentifier = "1FAAB2721ABA3297007ABE82"
>>>>>>> c5f555117e9a8f1c4a1eb344b5b4622968a94acd
            BuildableName = "MovieQuiz.app"
            BlueprintName = "MovieQuiz"
            ReferencedContainer = "container:MovieQuiz.xcodeproj">
         </BuildableReference>
      </MacroExpansion>
<<<<<<< HEAD
<<<<<<< HEAD
      <AdditionalOptions>
      </AdditionalOptions>
   </TestAction>
   <LaunchAction
      buildConfiguration = "Debug"
=======
   </TestAction>
   <LaunchAction
>>>>>>> c5f555117e9a8f1c4a1eb344b5b4622968a94acd
=======
   </TestAction>
   <LaunchAction
>>>>>>> parent of 1530393... Version 1.3
      selectedDebuggerIdentifier = "Xcode.DebuggerFoundation.Debugger.LLDB"
      selectedLauncherIdentifier = "Xcode.DebuggerFoundation.Launcher.LLDB"
      launchStyle = "0"
      useCustomWorkingDirectory = "NO"
<<<<<<< HEAD
<<<<<<< HEAD
      ignoresPersistentStateOnLaunch = "NO"
      debugDocumentVersioning = "YES"
      debugServiceExtension = "internal"
=======
      buildConfiguration = "Debug"
      ignoresPersistentStateOnLaunch = "NO"
      debugDocumentVersioning = "YES"
>>>>>>> c5f555117e9a8f1c4a1eb344b5b4622968a94acd
=======
      buildConfiguration = "Debug"
      ignoresPersistentStateOnLaunch = "NO"
      debugDocumentVersioning = "YES"
>>>>>>> parent of 1530393... Version 1.3
      allowLocationSimulation = "YES">
      <BuildableProductRunnable
         runnableDebuggingMode = "0">
         <BuildableReference
            BuildableIdentifier = "primary"
<<<<<<< HEAD
            BlueprintIdentifier = "1F40AE311AF9813F00CAEA48"
=======
            BlueprintIdentifier = "1FAAB2721ABA3297007ABE82"
>>>>>>> c5f555117e9a8f1c4a1eb344b5b4622968a94acd
            BuildableName = "MovieQuiz.app"
            BlueprintName = "MovieQuiz"
            ReferencedContainer = "container:MovieQuiz.xcodeproj">
         </BuildableReference>
      </BuildableProductRunnable>
      <AdditionalOptions>
      </AdditionalOptions>
   </LaunchAction>
   <ProfileAction
<<<<<<< HEAD
<<<<<<< HEAD
      buildConfiguration = "Release"
      shouldUseLaunchSchemeArgsEnv = "YES"
      savedToolIdentifier = ""
      useCustomWorkingDirectory = "NO"
=======
      shouldUseLaunchSchemeArgsEnv = "YES"
      savedToolIdentifier = ""
      useCustomWorkingDirectory = "NO"
      buildConfiguration = "Release"
>>>>>>> c5f555117e9a8f1c4a1eb344b5b4622968a94acd
=======
      shouldUseLaunchSchemeArgsEnv = "YES"
      savedToolIdentifier = ""
      useCustomWorkingDirectory = "NO"
      buildConfiguration = "Release"
>>>>>>> parent of 1530393... Version 1.3
      debugDocumentVersioning = "YES">
      <BuildableProductRunnable
         runnableDebuggingMode = "0">
         <BuildableReference
            BuildableIdentifier = "primary"
<<<<<<< HEAD
            BlueprintIdentifier = "1F40AE311AF9813F00CAEA48"
=======
            BlueprintIdentifier = "1FAAB2721ABA3297007ABE82"
>>>>>>> c5f555117e9a8f1c4a1eb344b5b4622968a94acd
            BuildableName = "MovieQuiz.app"
            BlueprintName = "MovieQuiz"
            ReferencedContainer = "container:MovieQuiz.xcodeproj">
         </BuildableReference>
      </BuildableProductRunnable>
   </ProfileAction>
   <AnalyzeAction
      buildConfiguration = "Debug">
   </AnalyzeAction>
   <ArchiveAction
      buildConfiguration = "Release"
      revealArchiveInOrganizer = "YES">
   </ArchiveAction>
</Scheme>
